
Microsoft Visual Studio Solution File, Format Version 12.00
# Visual Studio Version 16
VisualStudioVersion = 16.0.32002.261
MinimumVisualStudioVersion = 10.0.40219.1
Project("{FAE04EC0-301F-11D3-BF4B-00C04F79EFBC}") = "FFPortal.Common", "FFPortal.Common\FFPortal.Common.csproj", "{33670D95-8BA7-4AA7-93A3-8136E30B118F}"
EndProject
Project("{FAE04EC0-301F-11D3-BF4B-00C04F79EFBC}") = "FFPortal.API", "FFPortal.API\FFPortal.API.csproj", "{27D92AFD-434B-4992-BA52-ABFFC7455995}"
EndProject
Global
	GlobalSection(SolutionConfigurationPlatforms) = preSolution
		Debug|Any CPU = Debug|Any CPU
		Release|Any CPU = Release|Any CPU
	EndGlobalSection
	GlobalSection(ProjectConfigurationPlatforms) = postSolution
		{33670D95-8BA7-4AA7-93A3-8136E30B118F}.Debug|Any CPU.ActiveCfg = Debug|Any CPU
		{33670D95-8BA7-4AA7-93A3-8136E30B118F}.Debug|Any CPU.Build.0 = Debug|Any CPU
		{33670D95-8BA7-4AA7-93A3-8136E30B118F}.Release|Any CPU.ActiveCfg = Release|Any CPU
		{33670D95-8BA7-4AA7-93A3-8136E30B118F}.Release|Any CPU.Build.0 = Release|Any CPU
		{27D92AFD-434B-4992-BA52-ABFFC7455995}.Debug|Any CPU.ActiveCfg = Debug|Any CPU
		{27D92AFD-434B-4992-BA52-ABFFC7455995}.Debug|Any CPU.Build.0 = Debug|Any CPU
		{27D92AFD-434B-4992-BA52-ABFFC7455995}.Release|Any CPU.ActiveCfg = Release|Any CPU
		{27D92AFD-434B-4992-BA52-ABFFC7455995}.Release|Any CPU.Build.0 = Release|Any CPU
	EndGlobalSection
	GlobalSection(SolutionProperties) = preSolution
		HideSolutionNode = FALSE
	EndGlobalSection
	GlobalSection(ExtensibilityGlobals) = postSolution
		SolutionGuid = {31E45FE7-BA11-4381-9F9E-A66D257A6F20}
	EndGlobalSection
EndGlobal
